
Microsoft Visual Studio Solution File, Format Version 12.00
# Visual Studio 15
VisualStudioVersion = 15.0.27130.2036
MinimumVisualStudioVersion = 10.0.40219.1
Project("{2150E333-8FDC-42A3-9474-1A3956D46DE8}") = "Solution Items", "Solution Items", "{9B9E8A23-214F-43B1-9481-63931F552B97}"
	ProjectSection(SolutionItems) = preProject
		.codecov.yml = .codecov.yml
		.gitignore = .gitignore
		appveyor.yml = appveyor.yml
		LICENSE = LICENSE
		README.md = README.md
	EndProjectSection
EndProject
Project("{2150E333-8FDC-42A3-9474-1A3956D46DE8}") = "Tools", "Tools", "{1BDB56DB-C472-4214-80A8-07E64B1184C1}"
	ProjectSection(SolutionItems) = preProject
		Tools\BuildDox.ps1 = Tools\BuildDox.ps1
		Tools\CoverageExclusions.runsettings = Tools\CoverageExclusions.runsettings
		Tools\Doxyfile = Tools\Doxyfile
		Tools\PostCIBuild.ps1 = Tools\PostCIBuild.ps1
		Tools\UploadCoverage.ps1 = Tools\UploadCoverage.ps1
	EndProjectSection
EndProject
Project("{9A19103F-16F7-4668-BE54-9A1E7A4F7556}") = "MapDiffBot", "MapDiffBot\MapDiffBot.csproj", "{28E38B55-8670-46F4-BF2E-6B15EA4C097D}"
EndProject
Project("{E53339B2-1760-4266-BCC7-CA923CBCF16C}") = "docker-compose", "docker-compose.dcproj", "{BD6FDC27-3CBB-4B75-BD2F-86AB23F1B9FC}"
	ProjectSection(ProjectDependencies) = postProject
		{28E38B55-8670-46F4-BF2E-6B15EA4C097D} = {28E38B55-8670-46F4-BF2E-6B15EA4C097D}
	EndProjectSection
EndProject
Project("{9A19103F-16F7-4668-BE54-9A1E7A4F7556}") = "MapDiffBot.Tests", "MapDiffBot.Tests\MapDiffBot.Tests.csproj", "{5A6062EF-1F96-4DA7-862D-C3F0A5988C65}"
EndProject
Global
	GlobalSection(SolutionConfigurationPlatforms) = preSolution
		Debug|Any CPU = Debug|Any CPU
		Docker|Any CPU = Docker|Any CPU
		Release|Any CPU = Release|Any CPU
	EndGlobalSection
	GlobalSection(ProjectConfigurationPlatforms) = postSolution
		{28E38B55-8670-46F4-BF2E-6B15EA4C097D}.Debug|Any CPU.ActiveCfg = Debug|Any CPU
		{28E38B55-8670-46F4-BF2E-6B15EA4C097D}.Debug|Any CPU.Build.0 = Debug|Any CPU
		{28E38B55-8670-46F4-BF2E-6B15EA4C097D}.Docker|Any CPU.ActiveCfg = Release|Any CPU
		{28E38B55-8670-46F4-BF2E-6B15EA4C097D}.Docker|Any CPU.Build.0 = Release|Any CPU
		{28E38B55-8670-46F4-BF2E-6B15EA4C097D}.Release|Any CPU.ActiveCfg = Release|Any CPU
		{28E38B55-8670-46F4-BF2E-6B15EA4C097D}.Release|Any CPU.Build.0 = Release|Any CPU
		{BD6FDC27-3CBB-4B75-BD2F-86AB23F1B9FC}.Debug|Any CPU.ActiveCfg = Debug|Any CPU
		{BD6FDC27-3CBB-4B75-BD2F-86AB23F1B9FC}.Debug|Any CPU.Build.0 = Debug|Any CPU
		{BD6FDC27-3CBB-4B75-BD2F-86AB23F1B9FC}.Docker|Any CPU.ActiveCfg = Release|Any CPU
		{BD6FDC27-3CBB-4B75-BD2F-86AB23F1B9FC}.Docker|Any CPU.Build.0 = Release|Any CPU
		{BD6FDC27-3CBB-4B75-BD2F-86AB23F1B9FC}.Release|Any CPU.ActiveCfg = Release|Any CPU
		{5A6062EF-1F96-4DA7-862D-C3F0A5988C65}.Debug|Any CPU.ActiveCfg = Debug|Any CPU
		{5A6062EF-1F96-4DA7-862D-C3F0A5988C65}.Debug|Any CPU.Build.0 = Debug|Any CPU
		{5A6062EF-1F96-4DA7-862D-C3F0A5988C65}.Docker|Any CPU.ActiveCfg = Release|Any CPU
		{5A6062EF-1F96-4DA7-862D-C3F0A5988C65}.Docker|Any CPU.Build.0 = Release|Any CPU
		{5A6062EF-1F96-4DA7-862D-C3F0A5988C65}.Release|Any CPU.ActiveCfg = Release|Any CPU
		{5A6062EF-1F96-4DA7-862D-C3F0A5988C65}.Release|Any CPU.Build.0 = Release|Any CPU
	EndGlobalSection
	GlobalSection(SolutionProperties) = preSolution
		HideSolutionNode = FALSE
	EndGlobalSection
	GlobalSection(ExtensibilityGlobals) = postSolution
		SolutionGuid = {C8B6E001-7422-4C0E-A4C3-3932AAA7301B}
	EndGlobalSection
EndGlobal
